{
  "name": "@nationalbankbelgium/stark-rbac",
  "version": "0.0.0-PLACEHOLDER-VERSION",
  "lockfileVersion": 1,
  "requires": true,
  "dependencies": {
    "@types/jasmine": {
      "version": "3.5.6",
      "resolved": "https://registry.npmjs.org/@types/jasmine/-/jasmine-3.5.6.tgz",
      "integrity": "sha512-3t2+VXIUZ45ffGG1r8Hq1uO2IdJ6Zp0f3RGydGPVNyUbjlZfet9uZ9m2mXTkKyxjj9BTapCnAl+hiH0ztvW/Vg==",
      "dev": true
    },
    "@types/lodash": {
      "version": "4.14.149",
      "resolved": "https://registry.npmjs.org/@types/lodash/-/lodash-4.14.149.tgz",
      "integrity": "sha512-ijGqzZt/b7BfzcK9vTrS6MFljQRPn5BFWOx8oE0GYxribu6uV+aA9zZuXI1zc/etK9E8nrgdoF2+LgUw7+9tJQ=="
    },
    "@types/lodash-es": {
      "version": "4.17.3",
      "resolved": "https://registry.npmjs.org/@types/lodash-es/-/lodash-es-4.17.3.tgz",
      "integrity": "sha512-iHI0i7ZAL1qepz1Y7f3EKg/zUMDwDfTzitx+AlHhJJvXwenP682ZyGbgPSc5Ej3eEAKVbNWKFuwOadCj5vBbYQ==",
      "requires": {
        "@types/lodash": "*"
      }
    },
    "@types/node": {
      "version": "10.17.16",
      "resolved": "https://registry.npmjs.org/@types/node/-/node-10.17.16.tgz",
      "integrity": "sha512-A4283YSA1OmnIivcpy/4nN86YlnKRiQp8PYwI2KdPCONEBN093QTb0gCtERtkLyVNGKKIGazTZ2nAmVzQU51zA==",
      "dev": true
    }
  }
}
