{
  "name": "@nationalbankbelgium/stark-rbac",
  "version": "0.0.0-PLACEHOLDER-VERSION",
  "lockfileVersion": 1,
  "requires": true,
  "dependencies": {
    "@types/jasmine": {
      "version": "3.6.1",
      "resolved": "https://registry.npmjs.org/@types/jasmine/-/jasmine-3.6.1.tgz",
      "integrity": "sha512-eeSCVhBsgwHNS1FmaMu4zrLxfykCTWJMLFZv7lmyrZQjw7foUUXoPu4GukSN9v7JvUw7X+/aDH3kCaymirBSTg==",
      "dev": true
    },
    "@types/lodash": {
      "version": "4.14.158",
      "resolved": "https://registry.npmjs.org/@types/lodash/-/lodash-4.14.158.tgz",
      "integrity": "sha512-InCEXJNTv/59yO4VSfuvNrZHt7eeNtWQEgnieIA+mIC+MOWM9arOWG2eQ8Vhk6NbOre6/BidiXhkZYeDY9U35w=="
    },
    "@types/lodash-es": {
      "version": "4.17.3",
      "resolved": "https://registry.npmjs.org/@types/lodash-es/-/lodash-es-4.17.3.tgz",
      "integrity": "sha512-iHI0i7ZAL1qepz1Y7f3EKg/zUMDwDfTzitx+AlHhJJvXwenP682ZyGbgPSc5Ej3eEAKVbNWKFuwOadCj5vBbYQ==",
      "requires": {
        "@types/lodash": "*"
      }
    },
    "@types/node": {
      "version": "10.17.46",
      "resolved": "https://registry.npmjs.org/@types/node/-/node-10.17.46.tgz",
      "integrity": "sha512-Tice8a+sJtlP9C1EUo0DYyjq52T37b3LexVu3p871+kfIBIN+OQ7PKPei1oF3MgF39olEpUfxaLtD+QFc1k69Q==",
      "dev": true
    }
  }
}
