{
  "name": "@nationalbankbelgium/stark-core",
  "version": "0.0.0-PLACEHOLDER-VERSION",
  "lockfileVersion": 1,
  "requires": true,
  "dependencies": {
    "@angularclass/hmr": {
      "version": "2.1.3",
      "resolved": "https://registry.npmjs.org/@angularclass/hmr/-/hmr-2.1.3.tgz",
      "integrity": "sha1-NOZY7T2jfyOwogDi2lqJvpK7IJ8="
    },
    "@ng-idle/core": {
      "version": "6.0.0-beta.5",
      "resolved": "https://registry.npmjs.org/@ng-idle/core/-/core-6.0.0-beta.5.tgz",
      "integrity": "sha512-hk3outZhj3kEg7HBv8di8nlKOcZdP+QF4kxWlTSoSiiWefh39TLgnuyggY10STXmAe3lh8UAjLWiUIvyy3C6NQ=="
    },
    "@ng-idle/keepalive": {
      "version": "6.0.0-beta.5",
      "resolved": "https://registry.npmjs.org/@ng-idle/keepalive/-/keepalive-6.0.0-beta.5.tgz",
      "integrity": "sha512-iz37KJuQEUFU60ICyCZnUp3wCzp1CX2pQfUh54gqPbxIYLYmtb0LhAWS9XgbWQ3HCFWo+rqEr7I2nSmJfRPNHQ=="
    },
    "@ngrx/effects": {
      "version": "7.4.0",
      "resolved": "https://registry.npmjs.org/@ngrx/effects/-/effects-7.4.0.tgz",
      "integrity": "sha512-YjgB17WnLCBDPjAkHduKWsLFSGLZryPaTjY3EIvMF+WTRPDlgC5SAv2n7p3YIei6g6IYcEvOwLWBqZHFUXTgBw=="
    },
    "@ngrx/store": {
      "version": "7.4.0",
      "resolved": "https://registry.npmjs.org/@ngrx/store/-/store-7.4.0.tgz",
      "integrity": "sha512-kwTUHgfgBeAL4RQBjZO46z9v4Xzg8PXAgY4WwXdt3zUk1tF4ZvijMleFvFRUoiJJfxF/UM6jgIZ/yGrX2dXQuA=="
    },
    "@ngrx/store-devtools": {
      "version": "7.4.0",
      "resolved": "https://registry.npmjs.org/@ngrx/store-devtools/-/store-devtools-7.4.0.tgz",
      "integrity": "sha512-ZmPpquprBYUozbLuLMLZzUhI+LnMNGMNg8x1ij9yDxXWQADcJm1Zu7kouYE1r5SoCYxKfwJ3Ia1VQfS3A5S8dw=="
    },
    "@ngx-translate/core": {
      "version": "11.0.1",
      "resolved": "https://registry.npmjs.org/@ngx-translate/core/-/core-11.0.1.tgz",
      "integrity": "sha512-nBCa1ZD9fAUY/3eskP3Lql2fNg8OMrYIej1/5GRsfcutx9tG/5fZLCv9m6UCw1aS+u4uK/vXjv1ctG/FdMvaWg==",
      "requires": {
        "tslib": "^1.9.0"
      }
    },
    "@types/jasmine": {
      "version": "3.5.10",
      "resolved": "https://registry.npmjs.org/@types/jasmine/-/jasmine-3.5.10.tgz",
      "integrity": "sha512-3F8qpwBAiVc5+HPJeXJpbrl+XjawGmciN5LgiO7Gv1pl1RHtjoMNqZpqEksaPJW05ViKe8snYInRs6xB25Xdew==",
      "dev": true
    },
    "@types/lodash": {
      "version": "4.14.149",
      "resolved": "https://registry.npmjs.org/@types/lodash/-/lodash-4.14.149.tgz",
      "integrity": "sha512-ijGqzZt/b7BfzcK9vTrS6MFljQRPn5BFWOx8oE0GYxribu6uV+aA9zZuXI1zc/etK9E8nrgdoF2+LgUw7+9tJQ=="
    },
    "@types/lodash-es": {
      "version": "4.17.3",
      "resolved": "https://registry.npmjs.org/@types/lodash-es/-/lodash-es-4.17.3.tgz",
      "integrity": "sha512-iHI0i7ZAL1qepz1Y7f3EKg/zUMDwDfTzitx+AlHhJJvXwenP682ZyGbgPSc5Ej3eEAKVbNWKFuwOadCj5vBbYQ==",
      "requires": {
        "@types/lodash": "*"
      }
    },
    "@types/node": {
      "version": "10.17.18",
      "resolved": "https://registry.npmjs.org/@types/node/-/node-10.17.18.tgz",
      "integrity": "sha512-DQ2hl/Jl3g33KuAUOcMrcAOtsbzb+y/ufakzAdeK9z/H/xsvkpbETZZbPNMIiQuk24f5ZRMCcZIViAwyFIiKmg==",
      "dev": true
    },
    "@types/uuid": {
      "version": "3.4.7",
      "resolved": "https://registry.npmjs.org/@types/uuid/-/uuid-3.4.7.tgz",
      "integrity": "sha512-C2j2FWgQkF1ru12SjZJyMaTPxs/f6n90+5G5qNakBxKXjTBc/YTSelHh4Pz1HUDwxFXD9WvpQhOGCDC+/Y4mIQ=="
    },
    "@uirouter/angular": {
      "version": "5.0.0",
      "resolved": "https://registry.npmjs.org/@uirouter/angular/-/angular-5.0.0.tgz",
      "integrity": "sha512-H59jDcHtz9J4qGMNvx73O55pYm2Edx6fhRpBmRlDSi7ugHOB4aWUk7m6d74OzJgYYXteE1r5Zr77TVDv0mv1uA==",
      "requires": {
        "@uirouter/core": "^6.0.1",
        "@uirouter/rx": "^0.6.0"
      }
    },
    "@uirouter/core": {
      "version": "6.0.4",
      "resolved": "https://registry.npmjs.org/@uirouter/core/-/core-6.0.4.tgz",
      "integrity": "sha512-TQ9XOzZY+jmWKkU4993MAEBIy7Bs3kijDzj+A6RHR8gq/3UoQm3Q/l1igfao5GZyBjid7eRVeipPK14ovCYQ3g=="
    },
    "@uirouter/rx": {
      "version": "0.6.5",
      "resolved": "https://registry.npmjs.org/@uirouter/rx/-/rx-0.6.5.tgz",
      "integrity": "sha512-srGdX+BAVTfpZ1Kl7tvdEN1ss8yctKO4YrGyy9E/4s80bGFp4KMe9Qf2L3UHn0iugBZlX7Nbmp305AQSzWXYrw=="
    },
    "cerialize": {
      "version": "0.1.18",
      "resolved": "https://registry.npmjs.org/cerialize/-/cerialize-0.1.18.tgz",
      "integrity": "sha512-C/hp4UoPrMK060251Pt/21axF9aL4ceJlg3+pThB68VghhRjOzBzy4f8R9AirXdNB4gpqgaV2deU3UaexInL5w==",
      "requires": {
        "typescript": "^2.5.0"
      }
    },
    "class-validator": {
      "version": "0.9.1",
      "resolved": "https://registry.npmjs.org/class-validator/-/class-validator-0.9.1.tgz",
      "integrity": "sha512-3wApflrd3ywVZyx4jaasGoFt8pmo4aGLPPAEKCKCsTRWVGPilahD88q3jQjRQwja50rl9a7rsP5LAxJYwGK8/Q==",
      "requires": {
        "google-libphonenumber": "^3.1.6",
        "validator": "10.4.0"
      }
    },
    "deep-freeze-strict": {
      "version": "1.1.1",
      "resolved": "https://registry.npmjs.org/deep-freeze-strict/-/deep-freeze-strict-1.1.1.tgz",
      "integrity": "sha1-d9BYPKJKab5LvZrC+uQV1VUj5bA="
    },
    "google-libphonenumber": {
      "version": "3.2.6",
      "resolved": "https://registry.npmjs.org/google-libphonenumber/-/google-libphonenumber-3.2.6.tgz",
      "integrity": "sha512-6QCQAaKJlSd/1dUqvdQf7zzfb3uiZHsG8yhCfOdCVRfMuPZ/VDIEB47y5SYwjPQJPs7ebfW5jj6PeobB9JJ4JA=="
    },
    "ibantools": {
      "version": "3.0.0",
      "resolved": "https://registry.npmjs.org/ibantools/-/ibantools-3.0.0.tgz",
      "integrity": "sha512-Me42gPc+4KKVmIcWFdnCSy9qHv2cU0YebnTp/fJnXHGTKyY6KveBv2vlwbCmvE05TckceAQTm2vBgqXsX/i7vg=="
    },
    "lodash-es": {
      "version": "4.17.15",
      "resolved": "https://registry.npmjs.org/lodash-es/-/lodash-es-4.17.15.tgz",
      "integrity": "sha512-rlrc3yU3+JNOpZ9zj5pQtxnx2THmvRykwL4Xlxoa8I9lHBlVbbyPhgyPMioxVZ4NqyxaVVtaJnzsyOidQIhyyQ=="
    },
    "moment": {
      "version": "2.24.0",
      "resolved": "https://registry.npmjs.org/moment/-/moment-2.24.0.tgz",
      "integrity": "sha512-bV7f+6l2QigeBBZSM/6yTNq4P2fNpSWj/0e7jQcy87A8e7o2nAfP/34/2ky5Vw4B9S446EtIhodAzkFCcR4dQg=="
    },
    "tslib": {
      "version": "1.10.0",
      "resolved": "https://registry.npmjs.org/tslib/-/tslib-1.10.0.tgz",
      "integrity": "sha512-qOebF53frne81cf0S9B41ByenJ3/IuH8yJKngAX35CmiZySA0khhkovshKK+jGCaMnVomla7gVlIcc3EvKPbTQ=="
    },
    "typescript": {
      "version": "2.9.2",
      "resolved": "https://registry.npmjs.org/typescript/-/typescript-2.9.2.tgz",
      "integrity": "sha512-Gr4p6nFNaoufRIY4NMdpQRNmgxVIGMs4Fcu/ujdYk3nAZqk7supzBE9idmvfZIlH/Cuj//dvi+019qEue9lV0w=="
    },
    "uuid": {
      "version": "3.4.0",
      "resolved": "https://registry.npmjs.org/uuid/-/uuid-3.4.0.tgz",
      "integrity": "sha512-HjSDRw6gZE5JMggctHBcjVak08+KEVhSIiDzFnT9S9aegmp85S/bReBVTb4QTFaRNptJ9kuYaNhnbNEOkbKb/A=="
    },
    "validator": {
      "version": "10.4.0",
      "resolved": "https://registry.npmjs.org/validator/-/validator-10.4.0.tgz",
      "integrity": "sha512-Q/wBy3LB1uOyssgNlXSRmaf22NxjvDNZM2MtIQ4jaEOAB61xsh1TQxsq1CgzUMBV1lDrVMogIh8GjG1DYW0zLg=="
    }
  }
}
