{
  "name": "@nationalbankbelgium/stark-core",
  "version": "0.0.0-PLACEHOLDER-VERSION",
  "lockfileVersion": 1,
  "requires": true,
  "dependencies": {
    "@angularclass/hmr": {
      "version": "2.1.3",
      "resolved": "https://registry.npmjs.org/@angularclass/hmr/-/hmr-2.1.3.tgz",
      "integrity": "sha1-NOZY7T2jfyOwogDi2lqJvpK7IJ8="
    },
    "@ng-idle/core": {
      "version": "6.0.0-beta.5",
      "resolved": "https://registry.npmjs.org/@ng-idle/core/-/core-6.0.0-beta.5.tgz",
      "integrity": "sha512-hk3outZhj3kEg7HBv8di8nlKOcZdP+QF4kxWlTSoSiiWefh39TLgnuyggY10STXmAe3lh8UAjLWiUIvyy3C6NQ=="
    },
    "@ng-idle/keepalive": {
      "version": "6.0.0-beta.5",
      "resolved": "https://registry.npmjs.org/@ng-idle/keepalive/-/keepalive-6.0.0-beta.5.tgz",
      "integrity": "sha512-iz37KJuQEUFU60ICyCZnUp3wCzp1CX2pQfUh54gqPbxIYLYmtb0LhAWS9XgbWQ3HCFWo+rqEr7I2nSmJfRPNHQ=="
    },
    "@ngrx/effects": {
      "version": "8.0.0",
      "resolved": "https://registry.npmjs.org/@ngrx/effects/-/effects-8.0.0.tgz",
      "integrity": "sha512-8ho26Cq1Kh+mrIhoq5fHmXYXdyeng8vabVJ+9GooFJBCNGNuE43nfFWH6x9ksXOpA075iGE5SMPEw6KceTX2eg=="
    },
    "@ngrx/store": {
      "version": "7.4.0",
      "resolved": "https://registry.npmjs.org/@ngrx/store/-/store-7.4.0.tgz",
      "integrity": "sha512-kwTUHgfgBeAL4RQBjZO46z9v4Xzg8PXAgY4WwXdt3zUk1tF4ZvijMleFvFRUoiJJfxF/UM6jgIZ/yGrX2dXQuA=="
    },
    "@ngrx/store-devtools": {
      "version": "7.4.0",
      "resolved": "https://registry.npmjs.org/@ngrx/store-devtools/-/store-devtools-7.4.0.tgz",
      "integrity": "sha512-ZmPpquprBYUozbLuLMLZzUhI+LnMNGMNg8x1ij9yDxXWQADcJm1Zu7kouYE1r5SoCYxKfwJ3Ia1VQfS3A5S8dw=="
    },
    "@ngx-translate/core": {
      "version": "11.0.1",
      "resolved": "https://registry.npmjs.org/@ngx-translate/core/-/core-11.0.1.tgz",
      "integrity": "sha512-nBCa1ZD9fAUY/3eskP3Lql2fNg8OMrYIej1/5GRsfcutx9tG/5fZLCv9m6UCw1aS+u4uK/vXjv1ctG/FdMvaWg==",
      "requires": {
        "tslib": "^1.9.0"
      }
    },
    "@types/jasmine": {
      "version": "3.3.13",
      "resolved": "https://registry.npmjs.org/@types/jasmine/-/jasmine-3.3.13.tgz",
      "integrity": "sha512-iczmLoIiVymaD1TIr2UctxjFkNEslVE/QtNAUmpDsD71cZfZBAsPCUv1Y+8AwsfA8bLx2ccr7d95T9w/UAirlQ==",
      "dev": true
    },
    "@types/lodash": {
      "version": "4.14.123",
      "resolved": "https://registry.npmjs.org/@types/lodash/-/lodash-4.14.123.tgz",
      "integrity": "sha512-pQvPkc4Nltyx7G1Ww45OjVqUsJP4UsZm+GWJpigXgkikZqJgRm4c48g027o6tdgubWHwFRF15iFd+Y4Pmqv6+Q=="
    },
    "@types/lodash-es": {
      "version": "4.17.3",
      "resolved": "https://registry.npmjs.org/@types/lodash-es/-/lodash-es-4.17.3.tgz",
      "integrity": "sha512-iHI0i7ZAL1qepz1Y7f3EKg/zUMDwDfTzitx+AlHhJJvXwenP682ZyGbgPSc5Ej3eEAKVbNWKFuwOadCj5vBbYQ==",
      "requires": {
        "@types/lodash": "*"
      }
    },
    "@types/node": {
      "version": "8.10.48",
      "resolved": "https://registry.npmjs.org/@types/node/-/node-8.10.48.tgz",
      "integrity": "sha512-c35YEBTkL4rzXY2ucpSKy+UYHjUBIIkuJbWYbsGIrKLEWU5dgJMmLkkIb3qeC3O3Tpb1ZQCwecscvJTDjDjkRw==",
      "dev": true
    },
    "@types/uuid": {
      "version": "3.4.4",
      "resolved": "https://registry.npmjs.org/@types/uuid/-/uuid-3.4.4.tgz",
      "integrity": "sha512-tPIgT0GUmdJQNSHxp0X2jnpQfBSTfGxUMc/2CXBU2mnyTFVYVa2ojpoQ74w0U2yn2vw3jnC640+77lkFFpdVDw==",
      "requires": {
        "@types/node": "*"
      },
      "dependencies": {
        "@types/node": {
          "version": "12.0.2",
          "resolved": "https://registry.npmjs.org/@types/node/-/node-12.0.2.tgz",
          "integrity": "sha512-5tabW/i+9mhrfEOUcLDu2xBPsHJ+X5Orqy9FKpale3SjDA17j5AEpYq5vfy3oAeAHGcvANRCO3NV3d2D6q3NiA=="
        }
      }
    },
    "@uirouter/angular": {
      "version": "3.0.0",
      "resolved": "https://registry.npmjs.org/@uirouter/angular/-/angular-3.0.0.tgz",
      "integrity": "sha512-HgAl0tk+RxuspC6vSNINMlzjTJgo+TFSpJ37OQgY7WEU7OrEDCdftVITJHyU/J87UES1ajalJljeq0/fI8Sv7g==",
      "requires": {
        "@uirouter/core": "5.0.23",
        "@uirouter/rx": "0.5.0"
      }
    },
    "@uirouter/core": {
      "version": "5.0.23",
      "resolved": "https://registry.npmjs.org/@uirouter/core/-/core-5.0.23.tgz",
      "integrity": "sha512-rwFOH++z/KY8y+h0IOpQ5uC8Nim6E0EBCQrIjhVCr+XKYXgpK+VdtuOLFdogvbJ3AAi5Z7ei00qdEr7Did5CAg=="
    },
    "@uirouter/rx": {
      "version": "0.5.0",
      "resolved": "https://registry.npmjs.org/@uirouter/rx/-/rx-0.5.0.tgz",
      "integrity": "sha512-SHX1b8u8MW/7L6vFrKSRc5g5u/RgLakGMfdTeVQMSC84fc2yW7VDWNuGJhA8jiOTNKvzscuwvC02dxOgKcwrjg=="
    },
    "cerialize": {
      "version": "0.1.18",
      "resolved": "https://registry.npmjs.org/cerialize/-/cerialize-0.1.18.tgz",
      "integrity": "sha512-C/hp4UoPrMK060251Pt/21axF9aL4ceJlg3+pThB68VghhRjOzBzy4f8R9AirXdNB4gpqgaV2deU3UaexInL5w==",
      "requires": {
        "typescript": "^2.5.0"
      }
    },
    "class-validator": {
      "version": "0.9.1",
      "resolved": "https://registry.npmjs.org/class-validator/-/class-validator-0.9.1.tgz",
      "integrity": "sha512-3wApflrd3ywVZyx4jaasGoFt8pmo4aGLPPAEKCKCsTRWVGPilahD88q3jQjRQwja50rl9a7rsP5LAxJYwGK8/Q==",
      "requires": {
        "google-libphonenumber": "^3.1.6",
        "validator": "10.4.0"
      }
    },
    "deep-freeze-strict": {
      "version": "1.1.1",
      "resolved": "https://registry.npmjs.org/deep-freeze-strict/-/deep-freeze-strict-1.1.1.tgz",
      "integrity": "sha1-d9BYPKJKab5LvZrC+uQV1VUj5bA="
    },
    "google-libphonenumber": {
      "version": "3.2.2",
      "resolved": "https://registry.npmjs.org/google-libphonenumber/-/google-libphonenumber-3.2.2.tgz",
      "integrity": "sha512-ubjGeosYPeusjYbUHy76lCniGTTI0k1rIFc+uKBX+jHQLDmWOSUtlFUxaeoLJ+Y+PAMM6dWp+C1HjHx5BI8kEw=="
    },
    "ibantools": {
      "version": "2.1.0",
      "resolved": "https://registry.npmjs.org/ibantools/-/ibantools-2.1.0.tgz",
      "integrity": "sha512-Jy22RiajBgJyQwqeJOp+8uDl0IpGtzcPLPqnDixfbGXPAf+PyxbcVKEingHxmpdSG6BweOR3A4ii7v+j9IWGVg=="
    },
    "lodash-es": {
      "version": "4.17.11",
      "resolved": "https://registry.npmjs.org/lodash-es/-/lodash-es-4.17.11.tgz",
      "integrity": "sha512-DHb1ub+rMjjrxqlB3H56/6MXtm1lSksDp2rA2cNWjG8mlDUYFhUj3Di2Zn5IwSU87xLv8tNIQ7sSwE/YOX/D/Q=="
    },
    "moment": {
      "version": "2.24.0",
      "resolved": "https://registry.npmjs.org/moment/-/moment-2.24.0.tgz",
      "integrity": "sha512-bV7f+6l2QigeBBZSM/6yTNq4P2fNpSWj/0e7jQcy87A8e7o2nAfP/34/2ky5Vw4B9S446EtIhodAzkFCcR4dQg=="
    },
    "tslib": {
      "version": "1.9.3",
      "resolved": "https://registry.npmjs.org/tslib/-/tslib-1.9.3.tgz",
      "integrity": "sha512-4krF8scpejhaOgqzBEcGM7yDIEfi0/8+8zDRZhNZZ2kjmHJ4hv3zCbQWxoJGz1iw5U0Jl0nma13xzHXcncMavQ=="
    },
    "typescript": {
      "version": "2.9.2",
      "resolved": "https://registry.npmjs.org/typescript/-/typescript-2.9.2.tgz",
      "integrity": "sha512-Gr4p6nFNaoufRIY4NMdpQRNmgxVIGMs4Fcu/ujdYk3nAZqk7supzBE9idmvfZIlH/Cuj//dvi+019qEue9lV0w=="
    },
    "uuid": {
      "version": "3.3.2",
      "resolved": "https://registry.npmjs.org/uuid/-/uuid-3.3.2.tgz",
      "integrity": "sha512-yXJmeNaw3DnnKAOKJE51sL/ZaYfWJRl1pK9dr19YFCu0ObS231AB1/LbqTKRAQ5kw8A90rA6fr4riOUpTZvQZA=="
    },
    "validator": {
      "version": "10.4.0",
      "resolved": "https://registry.npmjs.org/validator/-/validator-10.4.0.tgz",
      "integrity": "sha512-Q/wBy3LB1uOyssgNlXSRmaf22NxjvDNZM2MtIQ4jaEOAB61xsh1TQxsq1CgzUMBV1lDrVMogIh8GjG1DYW0zLg=="
    }
  }
}
