{
  "name": "@nationalbankbelgium/stark-core",
  "version": "0.0.0-PLACEHOLDER-VERSION",
  "lockfileVersion": 1,
  "requires": true,
  "dependencies": {
    "@angularclass/hmr": {
      "version": "3.0.0",
      "resolved": "https://registry.npmjs.org/@angularclass/hmr/-/hmr-3.0.0.tgz",
      "integrity": "sha512-4A/DKmSafWUcffv7f536oY6RbpXEAD7f0NCGVLlRj9Gna8dkGc9JOHSr3NCWHd/NRc4ey8x+V0itsBqlPxEJ/A=="
    },
    "@ng-idle/core": {
      "version": "7.0.0-beta.1",
      "resolved": "https://registry.npmjs.org/@ng-idle/core/-/core-7.0.0-beta.1.tgz",
      "integrity": "sha512-0bQX+r1eQ1nGQ8ZzXk3vHZljQwZ2xp+aFO68uQdQYNBuHAd1eydOva9q2tKKn6UjcqxJYdnDWMZhK79UL7ww2w=="
    },
    "@ng-idle/keepalive": {
      "version": "7.0.0-beta.1",
      "resolved": "https://registry.npmjs.org/@ng-idle/keepalive/-/keepalive-7.0.0-beta.1.tgz",
      "integrity": "sha512-FWpbyhnE/zrQOrvynZDcCNaYWY38o7nHtLB0ZPspTv13MALalC6WD0k2ts1zPnXvpm8uPs3NV3zrmIglXCPT/A=="
    },
    "@ngrx/effects": {
      "version": "7.4.0",
      "resolved": "https://registry.npmjs.org/@ngrx/effects/-/effects-7.4.0.tgz",
      "integrity": "sha512-YjgB17WnLCBDPjAkHduKWsLFSGLZryPaTjY3EIvMF+WTRPDlgC5SAv2n7p3YIei6g6IYcEvOwLWBqZHFUXTgBw=="
    },
    "@ngrx/store": {
      "version": "7.4.0",
      "resolved": "https://registry.npmjs.org/@ngrx/store/-/store-7.4.0.tgz",
      "integrity": "sha512-kwTUHgfgBeAL4RQBjZO46z9v4Xzg8PXAgY4WwXdt3zUk1tF4ZvijMleFvFRUoiJJfxF/UM6jgIZ/yGrX2dXQuA=="
    },
    "@ngrx/store-devtools": {
      "version": "7.4.0",
      "resolved": "https://registry.npmjs.org/@ngrx/store-devtools/-/store-devtools-7.4.0.tgz",
      "integrity": "sha512-ZmPpquprBYUozbLuLMLZzUhI+LnMNGMNg8x1ij9yDxXWQADcJm1Zu7kouYE1r5SoCYxKfwJ3Ia1VQfS3A5S8dw=="
    },
    "@ngx-translate/core": {
      "version": "11.0.1",
      "resolved": "https://registry.npmjs.org/@ngx-translate/core/-/core-11.0.1.tgz",
      "integrity": "sha512-nBCa1ZD9fAUY/3eskP3Lql2fNg8OMrYIej1/5GRsfcutx9tG/5fZLCv9m6UCw1aS+u4uK/vXjv1ctG/FdMvaWg==",
      "requires": {
        "tslib": "^1.9.0"
      }
    },
    "@types/jasmine": {
      "version": "3.6.6",
      "resolved": "https://registry.npmjs.org/@types/jasmine/-/jasmine-3.6.6.tgz",
      "integrity": "sha512-kgl+oYOLCBt41iba8cetp+QPOqDAaTJnHtVPCE7JzYmda4juglRBLX35opVcANc7TLA/Lp0DEnajbUNnyxGC+Q==",
      "dev": true
    },
    "@types/lodash": {
      "version": "4.14.168",
      "resolved": "https://registry.npmjs.org/@types/lodash/-/lodash-4.14.168.tgz",
      "integrity": "sha512-oVfRvqHV/V6D1yifJbVRU3TMp8OT6o6BG+U9MkwuJ3U8/CsDHvalRpsxBqivn71ztOFZBTfJMvETbqHiaNSj7Q=="
    },
    "@types/lodash-es": {
      "version": "4.17.4",
      "resolved": "https://registry.npmjs.org/@types/lodash-es/-/lodash-es-4.17.4.tgz",
      "integrity": "sha512-BBz79DCJbD2CVYZH67MBeHZRX++HF+5p8Mo5MzjZi64Wac39S3diedJYHZtScbRVf4DjZyN6LzA0SB0zy+HSSQ==",
      "requires": {
        "@types/lodash": "*"
      }
    },
    "@types/node": {
      "version": "10.17.55",
      "resolved": "https://registry.npmjs.org/@types/node/-/node-10.17.55.tgz",
      "integrity": "sha512-koZJ89uLZufDvToeWO5BrC4CR4OUfHnUz2qoPs/daQH6qq3IN62QFxCTZ+bKaCE0xaoCAJYE4AXre8AbghCrhg==",
      "dev": true
    },
    "@types/uuid": {
      "version": "3.4.9",
      "resolved": "https://registry.npmjs.org/@types/uuid/-/uuid-3.4.9.tgz",
      "integrity": "sha512-XDwyIlt/47l2kWLTzw/mtrpLdB+GPSskR2n/PIcPn+VYhVO77rGhRncIR5GPU0KRzXuqkDO+J5qqrG0Y8P6jzQ=="
    },
    "@types/validator": {
      "version": "10.11.3",
      "resolved": "https://registry.npmjs.org/@types/validator/-/validator-10.11.3.tgz",
      "integrity": "sha512-GKF2VnEkMmEeEGvoo03ocrP9ySMuX1ypKazIYMlsjfslfBMhOAtC5dmEWKdJioW4lJN7MZRS88kalTsVClyQ9w=="
    },
    "@uirouter/angular": {
      "version": "5.0.0",
      "resolved": "https://registry.npmjs.org/@uirouter/angular/-/angular-5.0.0.tgz",
      "integrity": "sha512-H59jDcHtz9J4qGMNvx73O55pYm2Edx6fhRpBmRlDSi7ugHOB4aWUk7m6d74OzJgYYXteE1r5Zr77TVDv0mv1uA==",
      "requires": {
        "@uirouter/core": "^6.0.1",
        "@uirouter/rx": "^0.6.0"
      }
    },
    "@uirouter/core": {
      "version": "6.0.7",
      "resolved": "https://registry.npmjs.org/@uirouter/core/-/core-6.0.7.tgz",
      "integrity": "sha512-KUTJxL+6q0PiBnFx4/Z+Hsyg0pSGiaW5yZQeJmUxknecjpTbnXkLU8H2EqRn9N2B+qDRa7Jg8RcgeNDPY72O1w=="
    },
    "@uirouter/rx": {
      "version": "0.6.5",
      "resolved": "https://registry.npmjs.org/@uirouter/rx/-/rx-0.6.5.tgz",
      "integrity": "sha512-srGdX+BAVTfpZ1Kl7tvdEN1ss8yctKO4YrGyy9E/4s80bGFp4KMe9Qf2L3UHn0iugBZlX7Nbmp305AQSzWXYrw=="
    },
    "cerialize": {
      "version": "0.1.18",
      "resolved": "https://registry.npmjs.org/cerialize/-/cerialize-0.1.18.tgz",
      "integrity": "sha512-C/hp4UoPrMK060251Pt/21axF9aL4ceJlg3+pThB68VghhRjOzBzy4f8R9AirXdNB4gpqgaV2deU3UaexInL5w==",
      "requires": {
        "typescript": "^2.5.0"
      }
    },
    "class-validator": {
      "version": "0.11.1",
      "resolved": "https://registry.npmjs.org/class-validator/-/class-validator-0.11.1.tgz",
      "integrity": "sha512-6CGdjwJLmKw+sQbK5ZDo1v1yTajkqfPOUDWSYVIlhUiCh6Phy8sAnMFE2XKHAcKAdoOz4jJUQhjPQWPYUuHxrA==",
      "requires": {
        "@types/validator": "10.11.3",
        "google-libphonenumber": "^3.1.6",
        "validator": "12.0.0"
      }
    },
    "deep-freeze-strict": {
      "version": "1.1.1",
      "resolved": "https://registry.npmjs.org/deep-freeze-strict/-/deep-freeze-strict-1.1.1.tgz",
      "integrity": "sha1-d9BYPKJKab5LvZrC+uQV1VUj5bA="
    },
    "google-libphonenumber": {
      "version": "3.2.18",
      "resolved": "https://registry.npmjs.org/google-libphonenumber/-/google-libphonenumber-3.2.18.tgz",
      "integrity": "sha512-6u+PF7Nf6TXMUNekHxc7pO6iE9PI1n2/q+z80GzFckH5riSKn4K1EeFimA5UqHA4MpxgKHYsVpcj8YDq32ob9g=="
    },
    "ibantools": {
      "version": "3.2.4",
      "resolved": "https://registry.npmjs.org/ibantools/-/ibantools-3.2.4.tgz",
      "integrity": "sha512-P+kCKy9c/SWbyPW6fDbzXJfPGZybIsvwriTpf2C8788OCPsqoEA7zDTOYpArUNCL48kw3rE6PPsJuNlx5Sb+hg=="
    },
    "lodash-es": {
      "version": "4.17.21",
      "resolved": "https://registry.npmjs.org/lodash-es/-/lodash-es-4.17.21.tgz",
      "integrity": "sha512-mKnC+QJ9pWVzv+C4/U3rRsHapFfHvQFoFB92e52xeyGMcX6/OlIl78je1u8vePzYZSkkogMPJ2yjxxsb89cxyw=="
    },
    "moment": {
      "version": "2.29.1",
      "resolved": "https://registry.npmjs.org/moment/-/moment-2.29.1.tgz",
      "integrity": "sha512-kHmoybcPV8Sqy59DwNDY3Jefr64lK/by/da0ViFcuA4DH0vQg5Q6Ze5VimxkfQNSC+Mls/Kx53s7TjP1RhFEDQ=="
    },
    "tslib": {
      "version": "1.14.1",
      "resolved": "https://registry.npmjs.org/tslib/-/tslib-1.14.1.tgz",
      "integrity": "sha512-Xni35NKzjgMrwevysHTCArtLDpPvye8zV/0E4EyYn43P7/7qvQwPh9BGkHewbMulVntbigmcT7rdX3BNo9wRJg=="
    },
    "typescript": {
      "version": "2.9.2",
      "resolved": "https://registry.npmjs.org/typescript/-/typescript-2.9.2.tgz",
      "integrity": "sha512-Gr4p6nFNaoufRIY4NMdpQRNmgxVIGMs4Fcu/ujdYk3nAZqk7supzBE9idmvfZIlH/Cuj//dvi+019qEue9lV0w=="
    },
    "uuid": {
      "version": "3.4.0",
      "resolved": "https://registry.npmjs.org/uuid/-/uuid-3.4.0.tgz",
      "integrity": "sha512-HjSDRw6gZE5JMggctHBcjVak08+KEVhSIiDzFnT9S9aegmp85S/bReBVTb4QTFaRNptJ9kuYaNhnbNEOkbKb/A=="
    },
    "validator": {
      "version": "12.0.0",
      "resolved": "https://registry.npmjs.org/validator/-/validator-12.0.0.tgz",
      "integrity": "sha512-r5zA1cQBEOgYlesRmSEwc9LkbfNLTtji+vWyaHzRZUxCTHdsX3bd+sdHfs5tGZ2W6ILGGsxWxCNwT/h3IY/3ng=="
    }
  }
}
