{
  "name": "@nationalbankbelgium/stark-ui",
  "version": "0.0.0-PLACEHOLDER-VERSION",
  "lockfileVersion": 1,
  "requires": true,
  "dependencies": {
    "@angular/material-moment-adapter": {
      "version": "8.0.0",
      "resolved": "https://registry.npmjs.org/@angular/material-moment-adapter/-/material-moment-adapter-8.0.0.tgz",
      "integrity": "sha512-OXVqXOfEyhuZK9FegTIg6umkh0bZmHk4wdKTc9h4siyz8eTEm8OJUzQPW7xZjL0e8fhf0h9XPMcFcD71ue8itw==",
      "requires": {
        "tslib": "^1.7.1"
      }
    },
    "@mdi/angular-material": {
      "version": "3.6.95",
      "resolved": "https://registry.npmjs.org/@mdi/angular-material/-/angular-material-3.6.95.tgz",
      "integrity": "sha512-c4FHaG/gMyVfnI79dNzcVoP/eYlgVrE/GZ+0KW9H8vuOxrKVNefv1Il5G+49kCbQBQY2VrkXwm4duxEeEYVXAA=="
    },
    "@types/jasmine": {
      "version": "3.3.12",
      "resolved": "https://registry.npmjs.org/@types/jasmine/-/jasmine-3.3.12.tgz",
      "integrity": "sha512-lXvr2xFQEVQLkIhuGaR3GC1L9lMU1IxeWnAF/wNY5ZWpC4p9dgxkKkzMp7pntpAdv9pZSnYqgsBkCg32MXSZMg==",
      "dev": true
    },
    "@types/lodash": {
      "version": "4.14.123",
      "resolved": "https://registry.npmjs.org/@types/lodash/-/lodash-4.14.123.tgz",
      "integrity": "sha512-pQvPkc4Nltyx7G1Ww45OjVqUsJP4UsZm+GWJpigXgkikZqJgRm4c48g027o6tdgubWHwFRF15iFd+Y4Pmqv6+Q=="
    },
    "@types/lodash-es": {
      "version": "4.17.3",
      "resolved": "https://registry.npmjs.org/@types/lodash-es/-/lodash-es-4.17.3.tgz",
      "integrity": "sha512-iHI0i7ZAL1qepz1Y7f3EKg/zUMDwDfTzitx+AlHhJJvXwenP682ZyGbgPSc5Ej3eEAKVbNWKFuwOadCj5vBbYQ==",
      "requires": {
        "@types/lodash": "*"
      }
    },
    "@types/node": {
      "version": "8.10.46",
      "resolved": "https://registry.npmjs.org/@types/node/-/node-8.10.46.tgz",
      "integrity": "sha512-PfnRbk836fFs9T9QnZh0G1k9oC6YXCqIK3LX6vU/6oiXtEBSFCiJFj6UnLZtqIIHTsgMn8Dojq3yhmpwY7QWcw==",
      "dev": true
    },
    "@types/nouislider": {
      "version": "9.0.5",
      "resolved": "https://registry.npmjs.org/@types/nouislider/-/nouislider-9.0.5.tgz",
      "integrity": "sha512-aLBm0j0y2mjblIJMcVgxPEmILBqlctCPs5FAsW01SawzXDBRZ0dHiOdbElQclui0tQjZokN0L1GnuyPRiXty0g==",
      "requires": {
        "@types/wnumb": "*"
      }
    },
    "@types/prismjs": {
      "version": "1.16.0",
      "resolved": "https://registry.npmjs.org/@types/prismjs/-/prismjs-1.16.0.tgz",
      "integrity": "sha512-mEyuziLrfDCQ4juQP1k706BUU/c8OGn/ZFl69AXXY6dStHClKX4P+N8+rhqpul1vRDA2VOygzMRSJJZHyDEOfw=="
    },
    "@types/wnumb": {
      "version": "1.0.28",
      "resolved": "https://registry.npmjs.org/@types/wnumb/-/wnumb-1.0.28.tgz",
      "integrity": "sha512-9B1E/Sdj07fmeqp54NDJ88qbbGECmI2eEc07MkF4A+4PwzjdCuKaSyxzDl4cATdMcJ1Z3be//vnWXFzeZkKWbg=="
    },
    "angular2-text-mask": {
      "version": "9.0.0",
      "resolved": "https://registry.npmjs.org/angular2-text-mask/-/angular2-text-mask-9.0.0.tgz",
      "integrity": "sha512-iALcnhJPS1zvX48d86rgUgDe/crX6XfhZrXC4Gdlo2/YwZW7u7KJZY6/b3ieSCIWVq/E6p+wDCzeo3E6leRjDA==",
      "requires": {
        "text-mask-core": "^5.0.0"
      }
    },
    "clipboard": {
      "version": "2.0.4",
      "resolved": "https://registry.npmjs.org/clipboard/-/clipboard-2.0.4.tgz",
      "integrity": "sha512-Vw26VSLRpJfBofiVaFb/I8PVfdI1OxKcYShe6fm0sP/DtmiWQNCjhM/okTvdCo0G+lMMm1rMYbk4IK4x1X+kgQ==",
      "optional": true,
      "requires": {
        "good-listener": "^1.2.2",
        "select": "^1.1.2",
        "tiny-emitter": "^2.0.0"
      }
    },
    "delegate": {
      "version": "3.2.0",
      "resolved": "https://registry.npmjs.org/delegate/-/delegate-3.2.0.tgz",
      "integrity": "sha512-IofjkYBZaZivn0V8nnsMJGBr4jVLxHDheKSW88PyxS5QC4Vo9ZbZVvhzlSxY87fVq3STR6r+4cGepyHkcWOQSw==",
      "optional": true
    },
    "good-listener": {
      "version": "1.2.2",
      "resolved": "https://registry.npmjs.org/good-listener/-/good-listener-1.2.2.tgz",
      "integrity": "sha1-1TswzfkxPf+33JoNR3CWqm0UXFA=",
      "optional": true,
      "requires": {
        "delegate": "^3.1.2"
      }
    },
    "normalize.css": {
      "version": "8.0.1",
      "resolved": "https://registry.npmjs.org/normalize.css/-/normalize.css-8.0.1.tgz",
      "integrity": "sha512-qizSNPO93t1YUuUhP22btGOo3chcvDFqFaj2TRybP0DMxkHOCTYwp3n34fel4a31ORXy4m1Xq0Gyqpb5m33qIg=="
    },
    "nouislider": {
      "version": "13.1.4",
      "resolved": "https://registry.npmjs.org/nouislider/-/nouislider-13.1.4.tgz",
      "integrity": "sha512-XcGdAkjDNjaciL4rBdf6/0Yfj7cVCPD9lUjFfOJnUdku4XaJUFa3Im3w8NnCuJFZ3NraRATREjpqDfbQIRRU0w=="
    },
    "prettier": {
      "version": "1.17.0",
      "resolved": "https://registry.npmjs.org/prettier/-/prettier-1.17.0.tgz",
      "integrity": "sha512-sXe5lSt2WQlCbydGETgfm1YBShgOX4HxQkFPvbxkcwgDvGDeqVau8h+12+lmSVlP3rHPz0oavfddSZg/q+Szjw=="
    },
    "pretty-data": {
      "version": "0.40.0",
      "resolved": "https://registry.npmjs.org/pretty-data/-/pretty-data-0.40.0.tgz",
      "integrity": "sha1-Vyqo6iNGdGerlLa1Jmpv2cj93XI="
    },
    "prismjs": {
      "version": "1.16.0",
      "resolved": "https://registry.npmjs.org/prismjs/-/prismjs-1.16.0.tgz",
      "integrity": "sha512-OA4MKxjFZHSvZcisLGe14THYsug/nF6O1f0pAJc0KN0wTyAcLqmsbE+lTGKSpyh+9pEW57+k6pg2AfYR+coyHA==",
      "requires": {
        "clipboard": "^2.0.0"
      }
    },
    "select": {
      "version": "1.1.2",
      "resolved": "https://registry.npmjs.org/select/-/select-1.1.2.tgz",
      "integrity": "sha1-DnNQrN7ICxEIUoeG7B1EGNEbOW0=",
      "optional": true
    },
    "text-mask-addons": {
      "version": "3.8.0",
      "resolved": "https://registry.npmjs.org/text-mask-addons/-/text-mask-addons-3.8.0.tgz",
      "integrity": "sha1-F7Ye9mWk82gR8uofAaIjtL5hqyY="
    },
    "text-mask-core": {
      "version": "5.1.2",
      "resolved": "https://registry.npmjs.org/text-mask-core/-/text-mask-core-5.1.2.tgz",
      "integrity": "sha1-gN1evgSCV1fkZhnmkUB6n4s8G28="
    },
    "tiny-emitter": {
      "version": "2.0.2",
      "resolved": "https://registry.npmjs.org/tiny-emitter/-/tiny-emitter-2.0.2.tgz",
      "integrity": "sha512-2NM0auVBGft5tee/OxP4PI3d8WItkDM+fPnaRAVo6xTDI2knbz9eC5ArWGqtGlYqiH3RU5yMpdyTTO7MguC4ow==",
      "optional": true
    },
    "tslib": {
      "version": "1.9.3",
      "resolved": "https://registry.npmjs.org/tslib/-/tslib-1.9.3.tgz",
      "integrity": "sha512-4krF8scpejhaOgqzBEcGM7yDIEfi0/8+8zDRZhNZZ2kjmHJ4hv3zCbQWxoJGz1iw5U0Jl0nma13xzHXcncMavQ=="
    }
  }
}
